// !$*UTF8*$!
{
	archiveVersion = 1;
	classes = {
	};
	objectVersion = 46;
	objects = {

/* Begin PBXBuildFile section */
		29B76E301ADCC1D0001D361E /* AppDelegate.swift in Sources */ = {isa = PBXBuildFile; fileRef = 29B76E2F1ADCC1D0001D361E /* AppDelegate.swift */; };
		29B76E321ADCC1D0001D361E /* Images.xcassets in Resources */ = {isa = PBXBuildFile; fileRef = 29B76E311ADCC1D0001D361E /* Images.xcassets */; };
		29B76E351ADCC1D0001D361E /* MainMenu.xib in Resources */ = {isa = PBXBuildFile; fileRef = 29B76E331ADCC1D0001D361E /* MainMenu.xib */; };
		29B76E411ADCC1D0001D361E /* TogglOverlayTests.swift in Sources */ = {isa = PBXBuildFile; fileRef = 29B76E401ADCC1D0001D361E /* TogglOverlayTests.swift */; };
		29B76E4B1ADCC6D3001D361E /* TogglOverlayWindow.swift in Sources */ = {isa = PBXBuildFile; fileRef = 29B76E4A1ADCC6D3001D361E /* TogglOverlayWindow.swift */; };
/* End PBXBuildFile section */

/* Begin PBXContainerItemProxy section */
		29B76E3B1ADCC1D0001D361E /* PBXContainerItemProxy */ = {
			isa = PBXContainerItemProxy;
			containerPortal = 29B76E221ADCC1D0001D361E /* Project object */;
			proxyType = 1;
			remoteGlobalIDString = 29B76E291ADCC1D0001D361E;
			remoteInfo = TogglOverlay;
		};
/* End PBXContainerItemProxy section */

/* Begin PBXFileReference section */
		29B76E2A1ADCC1D0001D361E /* TogglOverlay.app */ = {isa = PBXFileReference; explicitFileType = wrapper.application; includeInIndex = 0; path = TogglOverlay.app; sourceTree = BUILT_PRODUCTS_DIR; };
		29B76E2E1ADCC1D0001D361E /* Info.plist */ = {isa = PBXFileReference; lastKnownFileType = text.plist.xml; path = Info.plist; sourceTree = "<group>"; };
		29B76E2F1ADCC1D0001D361E /* AppDelegate.swift */ = {isa = PBXFileReference; lastKnownFileType = sourcecode.swift; path = AppDelegate.swift; sourceTree = "<group>"; };
		29B76E311ADCC1D0001D361E /* Images.xcassets */ = {isa = PBXFileReference; lastKnownFileType = folder.assetcatalog; path = Images.xcassets; sourceTree = "<group>"; };
		29B76E341ADCC1D0001D361E /* Base */ = {isa = PBXFileReference; lastKnownFileType = file.xib; name = Base; path = Base.lproj/MainMenu.xib; sourceTree = "<group>"; };
		29B76E3A1ADCC1D0001D361E /* TogglOverlayTests.xctest */ = {isa = PBXFileReference; explicitFileType = wrapper.cfbundle; includeInIndex = 0; path = TogglOverlayTests.xctest; sourceTree = BUILT_PRODUCTS_DIR; };
		29B76E3F1ADCC1D0001D361E /* Info.plist */ = {isa = PBXFileReference; lastKnownFileType = text.plist.xml; path = Info.plist; sourceTree = "<group>"; };
		29B76E401ADCC1D0001D361E /* TogglOverlayTests.swift */ = {isa = PBXFileReference; lastKnownFileType = sourcecode.swift; path = TogglOverlayTests.swift; sourceTree = "<group>"; };
		29B76E4A1ADCC6D3001D361E /* TogglOverlayWindow.swift */ = {isa = PBXFileReference; fileEncoding = 4; lastKnownFileType = sourcecode.swift; path = TogglOverlayWindow.swift; sourceTree = "<group>"; };
/* End PBXFileReference section */

/* Begin PBXFrameworksBuildPhase section */
		29B76E271ADCC1D0001D361E /* Frameworks */ = {
			isa = PBXFrameworksBuildPhase;
			buildActionMask = 2147483647;
			files = (
			);
			runOnlyForDeploymentPostprocessing = 0;
		};
		29B76E371ADCC1D0001D361E /* Frameworks */ = {
			isa = PBXFrameworksBuildPhase;
			buildActionMask = 2147483647;
			files = (
			);
			runOnlyForDeploymentPostprocessing = 0;
		};
/* End PBXFrameworksBuildPhase section */

/* Begin PBXGroup section */
		29B76E211ADCC1D0001D361E = {
			isa = PBXGroup;
			children = (
				29B76E2C1ADCC1D0001D361E /* TogglOverlay */,
				29B76E3D1ADCC1D0001D361E /* TogglOverlayTests */,
				29B76E2B1ADCC1D0001D361E /* Products */,
			);
			sourceTree = "<group>";
		};
		29B76E2B1ADCC1D0001D361E /* Products */ = {
			isa = PBXGroup;
			children = (
				29B76E2A1ADCC1D0001D361E /* TogglOverlay.app */,
				29B76E3A1ADCC1D0001D361E /* TogglOverlayTests.xctest */,
			);
			name = Products;
			sourceTree = "<group>";
		};
		29B76E2C1ADCC1D0001D361E /* TogglOverlay */ = {
			isa = PBXGroup;
			children = (
				29B76E2F1ADCC1D0001D361E /* AppDelegate.swift */,
				29B76E311ADCC1D0001D361E /* Images.xcassets */,
				29B76E331ADCC1D0001D361E /* MainMenu.xib */,
				29B76E2D1ADCC1D0001D361E /* Supporting Files */,
				29B76E4A1ADCC6D3001D361E /* TogglOverlayWindow.swift */,
			);
			path = TogglOverlay;
			sourceTree = "<group>";
		};
		29B76E2D1ADCC1D0001D361E /* Supporting Files */ = {
			isa = PBXGroup;
			children = (
				29B76E2E1ADCC1D0001D361E /* Info.plist */,
			);
			name = "Supporting Files";
			sourceTree = "<group>";
		};
		29B76E3D1ADCC1D0001D361E /* TogglOverlayTests */ = {
			isa = PBXGroup;
			children = (
				29B76E401ADCC1D0001D361E /* TogglOverlayTests.swift */,
				29B76E3E1ADCC1D0001D361E /* Supporting Files */,
			);
			path = TogglOverlayTests;
			sourceTree = "<group>";
		};
		29B76E3E1ADCC1D0001D361E /* Supporting Files */ = {
			isa = PBXGroup;
			children = (
				29B76E3F1ADCC1D0001D361E /* Info.plist */,
			);
			name = "Supporting Files";
			sourceTree = "<group>";
		};
/* End PBXGroup section */

/* Begin PBXNativeTarget section */
		29B76E291ADCC1D0001D361E /* TogglOverlay */ = {
			isa = PBXNativeTarget;
			buildConfigurationList = 29B76E441ADCC1D0001D361E /* Build configuration list for PBXNativeTarget "TogglOverlay" */;
			buildPhases = (
				29B76E261ADCC1D0001D361E /* Sources */,
				29B76E271ADCC1D0001D361E /* Frameworks */,
				29B76E281ADCC1D0001D361E /* Resources */,
			);
			buildRules = (
			);
			dependencies = (
			);
			name = TogglOverlay;
			productName = TogglOverlay;
			productReference = 29B76E2A1ADCC1D0001D361E /* TogglOverlay.app */;
			productType = "com.apple.product-type.application";
		};
		29B76E391ADCC1D0001D361E /* TogglOverlayTests */ = {
			isa = PBXNativeTarget;
			buildConfigurationList = 29B76E471ADCC1D0001D361E /* Build configuration list for PBXNativeTarget "TogglOverlayTests" */;
			buildPhases = (
				29B76E361ADCC1D0001D361E /* Sources */,
				29B76E371ADCC1D0001D361E /* Frameworks */,
				29B76E381ADCC1D0001D361E /* Resources */,
			);
			buildRules = (
			);
			dependencies = (
				29B76E3C1ADCC1D0001D361E /* PBXTargetDependency */,
			);
			name = TogglOverlayTests;
			productName = TogglOverlayTests;
			productReference = 29B76E3A1ADCC1D0001D361E /* TogglOverlayTests.xctest */;
			productType = "com.apple.product-type.bundle.unit-test";
		};
/* End PBXNativeTarget section */

/* Begin PBXProject section */
		29B76E221ADCC1D0001D361E /* Project object */ = {
			isa = PBXProject;
			attributes = {
				LastUpgradeCheck = 0630;
				ORGANIZATIONNAME = "Fravic Fernando";
				TargetAttributes = {
					29B76E291ADCC1D0001D361E = {
						CreatedOnToolsVersion = 6.3;
					};
					29B76E391ADCC1D0001D361E = {
						CreatedOnToolsVersion = 6.3;
						TestTargetID = 29B76E291ADCC1D0001D361E;
					};
				};
			};
			buildConfigurationList = 29B76E251ADCC1D0001D361E /* Build configuration list for PBXProject "TogglOverlay" */;
			compatibilityVersion = "Xcode 3.2";
			developmentRegion = English;
			hasScannedForEncodings = 0;
			knownRegions = (
				en,
				Base,
			);
			mainGroup = 29B76E211ADCC1D0001D361E;
			productRefGroup = 29B76E2B1ADCC1D0001D361E /* Products */;
			projectDirPath = "";
			projectRoot = "";
			targets = (
				29B76E291ADCC1D0001D361E /* TogglOverlay */,
				29B76E391ADCC1D0001D361E /* TogglOverlayTests */,
			);
		};
/* End PBXProject section */

/* Begin PBXResourcesBuildPhase section */
		29B76E281ADCC1D0001D361E /* Resources */ = {
			isa = PBXResourcesBuildPhase;
			buildActionMask = 2147483647;
			files = (
				29B76E321ADCC1D0001D361E /* Images.xcassets in Resources */,
				29B76E351ADCC1D0001D361E /* MainMenu.xib in Resources */,
			);
			runOnlyForDeploymentPostprocessing = 0;
		};
		29B76E381ADCC1D0001D361E /* Resources */ = {
			isa = PBXResourcesBuildPhase;
			buildActionMask = 2147483647;
			files = (
			);
			runOnlyForDeploymentPostprocessing = 0;
		};
/* End PBXResourcesBuildPhase section */

/* Begin PBXSourcesBuildPhase section */
		29B76E261ADCC1D0001D361E /* Sources */ = {
			isa = PBXSourcesBuildPhase;
			buildActionMask = 2147483647;
			files = (
				29B76E4B1ADCC6D3001D361E /* TogglOverlayWindow.swift in Sources */,
				29B76E301ADCC1D0001D361E /* AppDelegate.swift in Sources */,
			);
			runOnlyForDeploymentPostprocessing = 0;
		};
		29B76E361ADCC1D0001D361E /* Sources */ = {
			isa = PBXSourcesBuildPhase;
			buildActionMask = 2147483647;
			files = (
				29B76E411ADCC1D0001D361E /* TogglOverlayTests.swift in Sources */,
			);
			runOnlyForDeploymentPostprocessing = 0;
		};
/* End PBXSourcesBuildPhase section */

/* Begin PBXTargetDependency section */
		29B76E3C1ADCC1D0001D361E /* PBXTargetDependency */ = {
			isa = PBXTargetDependency;
			target = 29B76E291ADCC1D0001D361E /* TogglOverlay */;
			targetProxy = 29B76E3B1ADCC1D0001D361E /* PBXContainerItemProxy */;
		};
/* End PBXTargetDependency section */

/* Begin PBXVariantGroup section */
		29B76E331ADCC1D0001D361E /* MainMenu.xib */ = {
			isa = PBXVariantGroup;
			children = (
				29B76E341ADCC1D0001D361E /* Base */,
			);
			name = MainMenu.xib;
			sourceTree = "<group>";
		};
/* End PBXVariantGroup section */

/* Begin XCBuildConfiguration section */
		29B76E421ADCC1D0001D361E /* Debug */ = {
			isa = XCBuildConfiguration;
			buildSettings = {
				ALWAYS_SEARCH_USER_PATHS = NO;
				CLANG_CXX_LANGUAGE_STANDARD = "gnu++0x";
				CLANG_CXX_LIBRARY = "libc++";
				CLANG_ENABLE_MODULES = YES;
				CLANG_ENABLE_OBJC_ARC = YES;
				CLANG_WARN_BOOL_CONVERSION = YES;
				CLANG_WARN_CONSTANT_CONVERSION = YES;
				CLANG_WARN_DIRECT_OBJC_ISA_USAGE = YES_ERROR;
				CLANG_WARN_EMPTY_BODY = YES;
				CLANG_WARN_ENUM_CONVERSION = YES;
				CLANG_WARN_INT_CONVERSION = YES;
				CLANG_WARN_OBJC_ROOT_CLASS = YES_ERROR;
				CLANG_WARN_UNREACHABLE_CODE = YES;
				CLANG_WARN__DUPLICATE_METHOD_MATCH = YES;
				CODE_SIGN_IDENTITY = "-";
				COPY_PHASE_STRIP = NO;
				DEBUG_INFORMATION_FORMAT = dwarf;
				ENABLE_STRICT_OBJC_MSGSEND = YES;
				GCC_C_LANGUAGE_STANDARD = gnu99;
				GCC_DYNAMIC_NO_PIC = NO;
				GCC_NO_COMMON_BLOCKS = YES;
				GCC_OPTIMIZATION_LEVEL = 0;
				GCC_PREPROCESSOR_DEFINITIONS = (
					"DEBUG=1",
					"$(inherited)",
				);
				GCC_SYMBOLS_PRIVATE_EXTERN = NO;
				GCC_WARN_64_TO_32_BIT_CONVERSION = YES;
				GCC_WARN_ABOUT_RETURN_TYPE = YES_ERROR;
				GCC_WARN_UNDECLARED_SELECTOR = YES;
				GCC_WARN_UNINITIALIZED_AUTOS = YES_AGGRESSIVE;
				GCC_WARN_UNUSED_FUNCTION = YES;
				GCC_WARN_UNUSED_VARIABLE = YES;
				MACOSX_DEPLOYMENT_TARGET = 10.10;
				MTL_ENABLE_DEBUG_INFO = YES;
				ONLY_ACTIVE_ARCH = YES;
				SDKROOT = macosx;
				SWIFT_OPTIMIZATION_LEVEL = "-Onone";
			};
			name = Debug;
		};
		29B76E431ADCC1D0001D361E /* Release */ = {
			isa = XCBuildConfiguration;
			buildSettings = {
				ALWAYS_SEARCH_USER_PATHS = NO;
				CLANG_CXX_LANGUAGE_STANDARD = "gnu++0x";
				CLANG_CXX_LIBRARY = "libc++";
				CLANG_ENABLE_MODULES = YES;
				CLANG_ENABLE_OBJC_ARC = YES;
				CLANG_WARN_BOOL_CONVERSION = YES;
				CLANG_WARN_CONSTANT_CONVERSION = YES;
				CLANG_WARN_DIRECT_OBJC_ISA_USAGE = YES_ERROR;
				CLANG_WARN_EMPTY_BODY = YES;
				CLANG_WARN_ENUM_CONVERSION = YES;
				CLANG_WARN_INT_CONVERSION = YES;
				CLANG_WARN_OBJC_ROOT_CLASS = YES_ERROR;
				CLANG_WARN_UNREACHABLE_CODE = YES;
				CLANG_WARN__DUPLICATE_METHOD_MATCH = YES;
				CODE_SIGN_IDENTITY = "-";
				COPY_PHASE_STRIP = NO;
				DEBUG_INFORMATION_FORMAT = "dwarf-with-dsym";
				ENABLE_NS_ASSERTIONS = NO;
				ENABLE_STRICT_OBJC_MSGSEND = YES;
				GCC_C_LANGUAGE_STANDARD = gnu99;
				GCC_NO_COMMON_BLOCKS = YES;
				GCC_WARN_64_TO_32_BIT_CONVERSION = YES;
				GCC_WARN_ABOUT_RETURN_TYPE = YES_ERROR;
				GCC_WARN_UNDECLARED_SELECTOR = YES;
				GCC_WARN_UNINITIALIZED_AUTOS = YES_AGGRESSIVE;
				GCC_WARN_UNUSED_FUNCTION = YES;
				GCC_WARN_UNUSED_VARIABLE = YES;
				MACOSX_DEPLOYMENT_TARGET = 10.10;
				MTL_ENABLE_DEBUG_INFO = NO;
				SDKROOT = macosx;
			};
			name = Release;
		};
		29B76E451ADCC1D0001D361E /* Debug */ = {
			isa = XCBuildConfiguration;
			buildSettings = {
				ASSETCATALOG_COMPILER_APPICON_NAME = AppIcon;
				COMBINE_HIDPI_IMAGES = YES;
				INFOPLIST_FILE = TogglOverlay/Info.plist;
				LD_RUNPATH_SEARCH_PATHS = "$(inherited) @executable_path/../Frameworks";
				PRODUCT_NAME = "$(TARGET_NAME)";
			};
			name = Debug;
		};
		29B76E461ADCC1D0001D361E /* Release */ = {
			isa = XCBuildConfiguration;
			buildSettings = {
				ASSETCATALOG_COMPILER_APPICON_NAME = AppIcon;
				COMBINE_HIDPI_IMAGES = YES;
				INFOPLIST_FILE = TogglOverlay/Info.plist;
				LD_RUNPATH_SEARCH_PATHS = "$(inherited) @executable_path/../Frameworks";
				PRODUCT_NAME = "$(TARGET_NAME)";
			};
			name = Release;
		};
		29B76E481ADCC1D0001D361E /* Debug */ = {
			isa = XCBuildConfiguration;
			buildSettings = {
				BUNDLE_LOADER = "$(TEST_HOST)";
				COMBINE_HIDPI_IMAGES = YES;
				FRAMEWORK_SEARCH_PATHS = (
					"$(DEVELOPER_FRAMEWORKS_DIR)",
					"$(inherited)",
				);
				GCC_PREPROCESSOR_DEFINITIONS = (
					"DEBUG=1",
					"$(inherited)",
				);
				INFOPLIST_FILE = TogglOverlayTests/Info.plist;
				LD_RUNPATH_SEARCH_PATHS = "$(inherited) @executable_path/../Frameworks @loader_path/../Frameworks";
				PRODUCT_NAME = "$(TARGET_NAME)";
				TEST_HOST = "$(BUILT_PRODUCTS_DIR)/TogglOverlay.app/Contents/MacOS/TogglOverlay";
			};
			name = Debug;
		};
		29B76E491ADCC1D0001D361E /* Release */ = {
			isa = XCBuildConfiguration;
			buildSettings = {
				BUNDLE_LOADER = "$(TEST_HOST)";
				COMBINE_HIDPI_IMAGES = YES;
				FRAMEWORK_SEARCH_PATHS = (
					"$(DEVELOPER_FRAMEWORKS_DIR)",
					"$(inherited)",
				);
				INFOPLIST_FILE = TogglOverlayTests/Info.plist;
				LD_RUNPATH_SEARCH_PATHS = "$(inherited) @executable_path/../Frameworks @loader_path/../Frameworks";
				PRODUCT_NAME = "$(TARGET_NAME)";
				TEST_HOST = "$(BUILT_PRODUCTS_DIR)/TogglOverlay.app/Contents/MacOS/TogglOverlay";
			};
			name = Release;
		};
/* End XCBuildConfiguration section */

/* Begin XCConfigurationList section */
		29B76E251ADCC1D0001D361E /* Build configuration list for PBXProject "TogglOverlay" */ = {
			isa = XCConfigurationList;
			buildConfigurations = (
				29B76E421ADCC1D0001D361E /* Debug */,
				29B76E431ADCC1D0001D361E /* Release */,
			);
			defaultConfigurationIsVisible = 0;
			defaultConfigurationName = Release;
		};
		29B76E441ADCC1D0001D361E /* Build configuration list for PBXNativeTarget "TogglOverlay" */ = {
			isa = XCConfigurationList;
			buildConfigurations = (
				29B76E451ADCC1D0001D361E /* Debug */,
				29B76E461ADCC1D0001D361E /* Release */,
			);
			defaultConfigurationIsVisible = 0;
		};
		29B76E471ADCC1D0001D361E /* Build configuration list for PBXNativeTarget "TogglOverlayTests" */ = {
			isa = XCConfigurationList;
			buildConfigurations = (
				29B76E481ADCC1D0001D361E /* Debug */,
				29B76E491ADCC1D0001D361E /* Release */,
			);
			defaultConfigurationIsVisible = 0;
		};
/* End XCConfigurationList section */
	};
	rootObject = 29B76E221ADCC1D0001D361E /* Project object */;
}
